// !$*UTF8*$!
{
	archiveVersion = 1;
	classes = {
	};
	objectVersion = 70;
	objects = {

/* Begin PBXBuildFile section */
		AB0000000000000000000028 /* Tutorials in Resources */ = {isa = PBXBuildFile; fileRef = AB0000000000000000000027 /* Tutorials */; };
		AB0000000000000000000051 /* conformance in Resources */ = {isa = PBXBuildFile; fileRef = AB0000000000000000000050 /* conformance */; };
		AB0000000000000000000063 /* Catalog in Resources */ = {isa = PBXBuildFile; fileRef = AB0000000000000000000061 /* Catalog */; };
		AB0000000000000000000064 /* References in Resources */ = {isa = PBXBuildFile; fileRef = AB0000000000000000000062 /* References */; };
		AB0000000000000000000066 /* Voice in Resources */ = {isa = PBXBuildFile; fileRef = AB0000000000000000000065 /* Voice */; };
/* End PBXBuildFile section */

/* Begin PBXContainerItemProxy section */
		AB0000000000000000000040 /* PBXContainerItemProxy */ = {
			isa = PBXContainerItemProxy;
			containerPortal = AB0000000000000000000041 /* Project object */;
			proxyType = 1;
			remoteGlobalIDString = AB000000000000000000003A;
			remoteInfo = PaperCoach;
		};
/* End PBXContainerItemProxy section */

/* Begin PBXFileReference section */
		AB0000000000000000000027 /* Tutorials */ = {isa = PBXFileReference; lastKnownFileType = folder; path = Tutorials; sourceTree = "<group>"; };
		AB000000000000000000002A /* PaperCoach.app */ = {isa = PBXFileReference; explicitFileType = wrapper.application; includeInIndex = 0; path = PaperCoach.app; sourceTree = BUILT_PRODUCTS_DIR; };
		AB000000000000000000002B /* PaperCoachTests.xctest */ = {isa = PBXFileReference; explicitFileType = wrapper.cfbundle; includeInIndex = 0; path = PaperCoachTests.xctest; sourceTree = BUILT_PRODUCTS_DIR; };
		AB0000000000000000000050 /* conformance */ = {isa = PBXFileReference; lastKnownFileType = folder; path = conformance; sourceTree = "<group>"; };
		AB0000000000000000000055 /* tutorial.schema.json */ = {isa = PBXFileReference; lastKnownFileType = text.json; path = tutorial.schema.json; sourceTree = "<group>"; };
		AB0000000000000000000061 /* Catalog */ = {isa = PBXFileReference; lastKnownFileType = folder; path = Catalog; sourceTree = "<group>"; };
		AB0000000000000000000062 /* References */ = {isa = PBXFileReference; lastKnownFileType = folder; name = References; path = Assets/References; sourceTree = "<group>"; };
		AB0000000000000000000065 /* Voice */ = {isa = PBXFileReference; lastKnownFileType = folder; name = Voice; path = Assets/Voice; sourceTree = "<group>"; };
/* End PBXFileReference section */

/* Begin PBXFileSystemSynchronizedBuildFileExceptionSet section */
		AB0000000000000000000060 /* PBXFileSystemSynchronizedBuildFileExceptionSet */ = {
			isa = PBXFileSystemSynchronizedBuildFileExceptionSet;
			membershipExceptions = (
				Info.plist,
			);
			target = AB000000000000000000003A /* PaperCoach */;
		};
/* End PBXFileSystemSynchronizedBuildFileExceptionSet section */

/* Begin PBXFileSystemSynchronizedRootGroup section */
		AB0000000000000000000031 /* PaperCoach */ = {isa = PBXFileSystemSynchronizedRootGroup; exceptions = (AB0000000000000000000060 /* PBXFileSystemSynchronizedBuildFileExceptionSet */, ); explicitFileTypes = {}; explicitFolders = (); path = PaperCoach; sourceTree = "<group>"; };
		AB0000000000000000000032 /* PaperCoachTests */ = {isa = PBXFileSystemSynchronizedRootGroup; explicitFileTypes = {}; explicitFolders = (); path = PaperCoachTests; sourceTree = "<group>"; };
/* End PBXFileSystemSynchronizedRootGroup section */

/* Begin PBXFrameworksBuildPhase section */
		AB0000000000000000000037 /* Frameworks */ = {
			isa = PBXFrameworksBuildPhase;
			buildActionMask = 2147483647;
			files = (
			);
			runOnlyForDeploymentPostprocessing = 0;
		};
		AB0000000000000000000039 /* Frameworks */ = {
			isa = PBXFrameworksBuildPhase;
			buildActionMask = 2147483647;
			files = (
			);
			runOnlyForDeploymentPostprocessing = 0;
		};
/* End PBXFrameworksBuildPhase section */

/* Begin PBXGroup section */
		AB0000000000000000000033 /* Products */ = {
			isa = PBXGroup;
			children = (
				AB000000000000000000002A /* PaperCoach.app */,
				AB000000000000000000002B /* PaperCoachTests.xctest */,
			);
			name = Products;
			sourceTree = "<group>";
		};
		AB0000000000000000000034 = {
			isa = PBXGroup;
			children = (
				AB0000000000000000000031 /* PaperCoach */,
				AB0000000000000000000032 /* PaperCoachTests */,
				AB0000000000000000000056 /* shared */,
				AB0000000000000000000033 /* Products */,
			);
			sourceTree = "<group>";
		};
		AB0000000000000000000056 /* shared */ = {
			isa = PBXGroup;
			children = (
				AB0000000000000000000055 /* tutorial.schema.json */,
				AB0000000000000000000027 /* Tutorials */,
				AB0000000000000000000050 /* conformance */,
				AB0000000000000000000061 /* Catalog */,
				AB0000000000000000000062 /* References */,
				AB0000000000000000000065 /* Voice */,
			);
			path = shared;
			sourceTree = "<group>";
		};
/* End PBXGroup section */

/* Begin PBXNativeTarget section */
		AB000000000000000000003A /* PaperCoach */ = {
			isa = PBXNativeTarget;
			buildConfigurationList = AB000000000000000000003D /* Build configuration list for PBXNativeTarget "PaperCoach" */;
			buildPhases = (
				AB0000000000000000000035 /* Sources */,
				AB0000000000000000000037 /* Frameworks */,
				AB0000000000000000000036 /* Resources */,
			);
			buildRules = (
			);
			dependencies = (
			);
			fileSystemSynchronizedGroups = (
				AB0000000000000000000031 /* PaperCoach */,
			);
			name = PaperCoach;
			productName = PaperCoach;
			productReference = AB000000000000000000002A /* PaperCoach.app */;
			productType = "com.apple.product-type.application";
		};
		AB000000000000000000003B /* PaperCoachTests */ = {
			isa = PBXNativeTarget;
			buildConfigurationList = AB000000000000000000003E /* Build configuration list for PBXNativeTarget "PaperCoachTests" */;
			buildPhases = (
				AB0000000000000000000038 /* Sources */,
				AB0000000000000000000039 /* Frameworks */,
				AB0000000000000000000052 /* Resources */,
			);
			buildRules = (
			);
			dependencies = (
				AB000000000000000000003F /* PBXTargetDependency */,
			);
			fileSystemSynchronizedGroups = (
				AB0000000000000000000032 /* PaperCoachTests */,
			);
			name = PaperCoachTests;
			productName = PaperCoachTests;
			productReference = AB000000000000000000002B /* PaperCoachTests.xctest */;
			productType = "com.apple.product-type.bundle.unit-test";
		};
/* End PBXNativeTarget section */

/* Begin PBXProject section */
		AB0000000000000000000041 /* Project object */ = {
			isa = PBXProject;
			attributes = {
				BuildIndependentTargetsInParallel = 1;
				LastSwiftUpdateCheck = 1600;
				LastUpgradeCheck = 2600;
				TargetAttributes = {
					AB000000000000000000003A = {
						CreatedOnToolsVersion = 16.0;
					};
					AB000000000000000000003B = {
						CreatedOnToolsVersion = 16.0;
						TestTargetID = AB000000000000000000003A;
					};
				};
			};
			buildConfigurationList = AB000000000000000000003C /* Build configuration list for PBXProject "PaperCoach" */;
			compatibilityVersion = "Xcode 14.0";
			developmentRegion = en;
			hasScannedForEncodings = 0;
			knownRegions = (
				en,
				Base,
			);
			mainGroup = AB0000000000000000000034;
			productRefGroup = AB0000000000000000000033 /* Products */;
			projectDirPath = "";
			projectRoot = "";
			targets = (
				AB000000000000000000003A /* PaperCoach */,
				AB000000000000000000003B /* PaperCoachTests */,
			);
		};
/* End PBXProject section */

/* Begin PBXResourcesBuildPhase section */
		AB0000000000000000000036 /* Resources */ = {
			isa = PBXResourcesBuildPhase;
			buildActionMask = 2147483647;
			files = (
				AB0000000000000000000028 /* Tutorials in Resources */,
				AB0000000000000000000063 /* Catalog in Resources */,
				AB0000000000000000000064 /* References in Resources */,
				AB0000000000000000000066 /* Voice in Resources */,
			);
			runOnlyForDeploymentPostprocessing = 0;
		};
		AB0000000000000000000052 /* Resources */ = {
			isa = PBXResourcesBuildPhase;
			buildActionMask = 2147483647;
			files = (
				AB0000000000000000000051 /* conformance in Resources */,
			);
			runOnlyForDeploymentPostprocessing = 0;
		};
/* End PBXResourcesBuildPhase section */

/* Begin PBXSourcesBuildPhase section */
		AB0000000000000000000035 /* Sources */ = {
			isa = PBXSourcesBuildPhase;
			buildActionMask = 2147483647;
			files = (
			);
			runOnlyForDeploymentPostprocessing = 0;
		};
		AB0000000000000000000038 /* Sources */ = {
			isa = PBXSourcesBuildPhase;
			buildActionMask = 2147483647;
			files = (
			);
			runOnlyForDeploymentPostprocessing = 0;
		};
/* End PBXSourcesBuildPhase section */

/* Begin PBXTargetDependency section */
		AB000000000000000000003F /* PBXTargetDependency */ = {
			isa = PBXTargetDependency;
			target = AB000000000000000000003A /* PaperCoach */;
			targetProxy = AB0000000000000000000040 /* PBXContainerItemProxy */;
		};
/* End PBXTargetDependency section */

/* Begin XCBuildConfiguration section */
		AB0000000000000000000042 /* Debug */ = {
			isa = XCBuildConfiguration;
			buildSettings = {
				ALWAYS_SEARCH_USER_PATHS = NO;
				CLANG_ENABLE_MODULES = YES;
				CLANG_ENABLE_OBJC_ARC = YES;
				CLANG_WARN_DOCUMENTATION_COMMENTS = YES;
				CLANG_WARN_UNREACHABLE_CODE = YES;
				COPY_PHASE_STRIP = NO;
				DEBUG_INFORMATION_FORMAT = dwarf;
				ENABLE_STRICT_OBJC_MSGSEND = YES;
				ENABLE_TESTABILITY = YES;
				GCC_NO_COMMON_BLOCKS = YES;
				GCC_OPTIMIZATION_LEVEL = 0;
				IPHONEOS_DEPLOYMENT_TARGET = 17.0;
				MTL_ENABLE_DEBUG_INFO = INCLUDE_SOURCE;
				ONLY_ACTIVE_ARCH = YES;
				SDKROOT = iphoneos;
				SWIFT_ACTIVE_COMPILATION_CONDITIONS = DEBUG;
				SWIFT_OPTIMIZATION_LEVEL = "-Onone";
				SWIFT_VERSION = 5.0;
			};
			name = Debug;
		};
		AB0000000000000000000043 /* Release */ = {
			isa = XCBuildConfiguration;
			buildSettings = {
				ALWAYS_SEARCH_USER_PATHS = NO;
				CLANG_ENABLE_MODULES = YES;
				CLANG_ENABLE_OBJC_ARC = YES;
				CLANG_WARN_DOCUMENTATION_COMMENTS = YES;
				CLANG_WARN_UNREACHABLE_CODE = YES;
				COPY_PHASE_STRIP = NO;
				DEBUG_INFORMATION_FORMAT = "dwarf-with-dsym";
				ENABLE_NS_ASSERTIONS = NO;
				ENABLE_STRICT_OBJC_MSGSEND = YES;
				GCC_NO_COMMON_BLOCKS = YES;
				IPHONEOS_DEPLOYMENT_TARGET = 17.0;
				MTL_ENABLE_DEBUG_INFO = NO;
				SDKROOT = iphoneos;
				SWIFT_COMPILATION_MODE = wholemodule;
				SWIFT_VERSION = 5.0;
				VALIDATE_PRODUCT = YES;
			};
			name = Release;
		};
		AB0000000000000000000044 /* Debug */ = {
			isa = XCBuildConfiguration;
			buildSettings = {
				ASSETCATALOG_COMPILER_APPICON_NAME = AppIcon;
				ASSETCATALOG_COMPILER_GLOBAL_ACCENT_COLOR_NAME = AccentColor;
				CODE_SIGN_STYLE = Automatic;
				CURRENT_PROJECT_VERSION = 1;
				DEVELOPMENT_ASSET_PATHS = "";
				DEVELOPMENT_TEAM = PLQFG9VC25;
				ENABLE_PREVIEWS = YES;
				GENERATE_INFOPLIST_FILE = NO;
				INFOPLIST_FILE = PaperCoach/Info.plist;
				LD_RUNPATH_SEARCH_PATHS = (
					"$(inherited)",
					"@executable_path/Frameworks",
				);
				MARKETING_VERSION = 1.0;
				INFOPLIST_KEY_CFBundleDisplayName = "Paper Coach";
				PRODUCT_BUNDLE_IDENTIFIER = com.softroni.papercoach;
				PRODUCT_NAME = "$(TARGET_NAME)";
				SWIFT_EMIT_LOC_STRINGS = YES;
				TARGETED_DEVICE_FAMILY = "1,2";
			};
			name = Debug;
		};
		AB0000000000000000000045 /* Release */ = {
			isa = XCBuildConfiguration;
			buildSettings = {
				ASSETCATALOG_COMPILER_APPICON_NAME = AppIcon;
				ASSETCATALOG_COMPILER_GLOBAL_ACCENT_COLOR_NAME = AccentColor;
				CODE_SIGN_STYLE = Automatic;
				CURRENT_PROJECT_VERSION = 1;
				DEVELOPMENT_ASSET_PATHS = "";
				DEVELOPMENT_TEAM = PLQFG9VC25;
				ENABLE_PREVIEWS = YES;
				GENERATE_INFOPLIST_FILE = NO;
				INFOPLIST_FILE = PaperCoach/Info.plist;
				LD_RUNPATH_SEARCH_PATHS = (
					"$(inherited)",
					"@executable_path/Frameworks",
				);
				MARKETING_VERSION = 1.0;
				INFOPLIST_KEY_CFBundleDisplayName = "Paper Coach";
				PRODUCT_BUNDLE_IDENTIFIER = com.softroni.papercoach;
				PRODUCT_NAME = "$(TARGET_NAME)";
				SWIFT_EMIT_LOC_STRINGS = YES;
				TARGETED_DEVICE_FAMILY = "1,2";
			};
			name = Release;
		};
		AB0000000000000000000046 /* Debug */ = {
			isa = XCBuildConfiguration;
			buildSettings = {
				BUNDLE_LOADER = "$(TEST_HOST)";
				CODE_SIGN_STYLE = Automatic;
				CURRENT_PROJECT_VERSION = 1;
				GENERATE_INFOPLIST_FILE = YES;
				MARKETING_VERSION = 1.0;
				PRODUCT_BUNDLE_IDENTIFIER = com.softroni.papercoachTests;
				PRODUCT_NAME = "$(TARGET_NAME)";
				SWIFT_EMIT_LOC_STRINGS = NO;
				TARGETED_DEVICE_FAMILY = "1,2";
				TEST_HOST = "$(BUILT_PRODUCTS_DIR)/PaperCoach.app/$(BUNDLE_EXECUTABLE_FOLDER_PATH)/PaperCoach";
			};
			name = Debug;
		};
		AB0000000000000000000047 /* Release */ = {
			isa = XCBuildConfiguration;
			buildSettings = {
				BUNDLE_LOADER = "$(TEST_HOST)";
				CODE_SIGN_STYLE = Automatic;
				CURRENT_PROJECT_VERSION = 1;
				GENERATE_INFOPLIST_FILE = YES;
				MARKETING_VERSION = 1.0;
				PRODUCT_BUNDLE_IDENTIFIER = com.softroni.papercoachTests;
				PRODUCT_NAME = "$(TARGET_NAME)";
				SWIFT_EMIT_LOC_STRINGS = NO;
				TARGETED_DEVICE_FAMILY = "1,2";
				TEST_HOST = "$(BUILT_PRODUCTS_DIR)/PaperCoach.app/$(BUNDLE_EXECUTABLE_FOLDER_PATH)/PaperCoach";
			};
			name = Release;
		};
/* End XCBuildConfiguration section */

/* Begin XCConfigurationList section */
		AB000000000000000000003C /* Build configuration list for PBXProject "PaperCoach" */ = {
			isa = XCConfigurationList;
			buildConfigurations = (
				AB0000000000000000000042 /* Debug */,
				AB0000000000000000000043 /* Release */,
			);
			defaultConfigurationIsVisible = 0;
			defaultConfigurationName = Release;
		};
		AB000000000000000000003D /* Build configuration list for PBXNativeTarget "PaperCoach" */ = {
			isa = XCConfigurationList;
			buildConfigurations = (
				AB0000000000000000000044 /* Debug */,
				AB0000000000000000000045 /* Release */,
			);
			defaultConfigurationIsVisible = 0;
			defaultConfigurationName = Release;
		};
		AB000000000000000000003E /* Build configuration list for PBXNativeTarget "PaperCoachTests" */ = {
			isa = XCConfigurationList;
			buildConfigurations = (
				AB0000000000000000000046 /* Debug */,
				AB0000000000000000000047 /* Release */,
			);
			defaultConfigurationIsVisible = 0;
			defaultConfigurationName = Release;
		};
/* End XCConfigurationList section */
	};
	rootObject = AB0000000000000000000041 /* Project object */;
}
