{
  "originHash" : "65d4bffb11dcaf9772a00203b091a9df5d8ce577d18915b47414bf8a43f11553",
  "pins" : [
    {
      "identity" : "superscript-ios-next",
      "kind" : "remoteSourceControl",
      "location" : "https://github.com/superwall/superscript-ios-next",
      "state" : {
        "revision" : "c3d1ee8d23ae6bf27e2d261c41a61001281166ec",
        "version" : "1.0.15"
      }
    },
    {
      "identity" : "superwall-ios",
      "kind" : "remoteSourceControl",
      "location" : "https://github.com/superwall/Superwall-iOS",
      "state" : {
        "revision" : "abaab5397f9684b3ffe9232265036d40923dcdc3",
        "version" : "4.17.0"
      }
    }
  ],
  "version" : 3
}
